// !$*UTF8*$!
{
	archiveVersion = 1;
	classes = {
	};
	objectVersion = 46;
	objects = {

/* Begin PBXBuildFile section */
		281429FD1E37B71E0044EF48 /* main.swift in Sources */ = {isa = PBXBuildFile; fileRef = 281429FC1E37B71E0044EF48 /* main.swift */; };
		28BC1A791EC48E2C0019527B /* AboutSwift.swift in Sources */ = {isa = PBXBuildFile; fileRef = 28BC1A6D1EC48E2C0019527B /* AboutSwift.swift */; };
		28BC1A7A1EC48E2C0019527B /* ASwiftTour.swift in Sources */ = {isa = PBXBuildFile; fileRef = 28BC1A6E1EC48E2C0019527B /* ASwiftTour.swift */; };
		28BC1A7B1EC48E2C0019527B /* TheBasics.swift in Sources */ = {isa = PBXBuildFile; fileRef = 28BC1A6F1EC48E2C0019527B /* TheBasics.swift */; };
		28BC1A7C1EC48E2C0019527B /* BasicOperators.swift in Sources */ = {isa = PBXBuildFile; fileRef = 28BC1A701EC48E2C0019527B /* BasicOperators.swift */; };
		28BC1A7D1EC48E2C0019527B /* StringsAndCharacters.swift in Sources */ = {isa = PBXBuildFile; fileRef = 28BC1A711EC48E2C0019527B /* StringsAndCharacters.swift */; };
		28BC1A7E1EC48E2C0019527B /* CollectionTypes.swift in Sources */ = {isa = PBXBuildFile; fileRef = 28BC1A721EC48E2C0019527B /* CollectionTypes.swift */; };
		28BC1A7F1EC48E2C0019527B /* ControlFlow.swift in Sources */ = {isa = PBXBuildFile; fileRef = 28BC1A731EC48E2C0019527B /* ControlFlow.swift */; };
		28BC1A801EC48E2C0019527B /* Functions.swift in Sources */ = {isa = PBXBuildFile; fileRef = 28BC1A741EC48E2C0019527B /* Functions.swift */; };
		28BC1A811EC48E2C0019527B /* Closures.swift in Sources */ = {isa = PBXBuildFile; fileRef = 28BC1A751EC48E2C0019527B /* Closures.swift */; };
		28BC1A821EC48E2C0019527B /* StructuresAndClasses.swift in Sources */ = {isa = PBXBuildFile; fileRef = 28BC1A761EC48E2C0019527B /* StructuresAndClasses.swift */; };
		28BC1A831EC48E2C0019527B /* Properties.swift in Sources */ = {isa = PBXBuildFile; fileRef = 28BC1A771EC48E2C0019527B /* Properties.swift */; };
		28BC1A841EC48E2C0019527B /* Methods.swift in Sources */ = {isa = PBXBuildFile; fileRef = 28BC1A781EC48E2C0019527B /* Methods.swift */; };
		28BC1A9F1EC495160019527B /* Subscripts.swift in Sources */ = {isa = PBXBuildFile; fileRef = 28BC1A861EC495160019527B /* Subscripts.swift */; };
		28BC1AA01EC495160019527B /* Inheritance.swift in Sources */ = {isa = PBXBuildFile; fileRef = 28BC1A871EC495160019527B /* Inheritance.swift */; };
		28BC1AA11EC495160019527B /* Initialization.swift in Sources */ = {isa = PBXBuildFile; fileRef = 28BC1A881EC495160019527B /* Initialization.swift */; };
		28BC1AA21EC495160019527B /* Deinitialization.swift in Sources */ = {isa = PBXBuildFile; fileRef = 28BC1A891EC495160019527B /* Deinitialization.swift */; };
		28BC1AA31EC495160019527B /* ARC.swift in Sources */ = {isa = PBXBuildFile; fileRef = 28BC1A8A1EC495160019527B /* ARC.swift */; };
		28BC1AA41EC495160019527B /* OptionalChaining.swift in Sources */ = {isa = PBXBuildFile; fileRef = 28BC1A8B1EC495160019527B /* OptionalChaining.swift */; };
		28BC1AA51EC495160019527B /* ErrorHandling.swift in Sources */ = {isa = PBXBuildFile; fileRef = 28BC1A8C1EC495160019527B /* ErrorHandling.swift */; };
		28BC1AA61EC495160019527B /* TypeCasting.swift in Sources */ = {isa = PBXBuildFile; fileRef = 28BC1A8D1EC495160019527B /* TypeCasting.swift */; };
		28BC1AA71EC495160019527B /* NestedTypes.swift in Sources */ = {isa = PBXBuildFile; fileRef = 28BC1A8E1EC495160019527B /* NestedTypes.swift */; };
		28BC1AA81EC495160019527B /* Extensions.swift in Sources */ = {isa = PBXBuildFile; fileRef = 28BC1A8F1EC495160019527B /* Extensions.swift */; };
		28BC1AA91EC495160019527B /* Protocols.swift in Sources */ = {isa = PBXBuildFile; fileRef = 28BC1A901EC495160019527B /* Protocols.swift */; };
		28BC1AAA1EC495160019527B /* Generics.swift in Sources */ = {isa = PBXBuildFile; fileRef = 28BC1A911EC495160019527B /* Generics.swift */; };
		28BC1AAB1EC495160019527B /* AccessControl.swift in Sources */ = {isa = PBXBuildFile; fileRef = 28BC1A921EC495160019527B /* AccessControl.swift */; };
		28BC1AAC1EC495160019527B /* AdvancedOperators.swift in Sources */ = {isa = PBXBuildFile; fileRef = 28BC1A931EC495160019527B /* AdvancedOperators.swift */; };
		28BC1AAD1EC495160019527B /* AboutLanguageReference.swift in Sources */ = {isa = PBXBuildFile; fileRef = 28BC1A941EC495160019527B /* AboutLanguageReference.swift */; };
		28BC1AAE1EC495160019527B /* LexicalStructure.swift in Sources */ = {isa = PBXBuildFile; fileRef = 28BC1A951EC495160019527B /* LexicalStructure.swift */; };
		28BC1AAF1EC495160019527B /* Types.swift in Sources */ = {isa = PBXBuildFile; fileRef = 28BC1A961EC495160019527B /* Types.swift */; };
		28BC1AB01EC495160019527B /* Expressions.swift in Sources */ = {isa = PBXBuildFile; fileRef = 28BC1A971EC495160019527B /* Expressions.swift */; };
		28BC1AB11EC495160019527B /* Statements.swift in Sources */ = {isa = PBXBuildFile; fileRef = 28BC1A981EC495160019527B /* Statements.swift */; };
		28BC1AB21EC495160019527B /* Declarations.swift in Sources */ = {isa = PBXBuildFile; fileRef = 28BC1A991EC495160019527B /* Declarations.swift */; };
		28BC1AB31EC495160019527B /* Attributes.swift in Sources */ = {isa = PBXBuildFile; fileRef = 28BC1A9A1EC495160019527B /* Attributes.swift */; };
		28BC1AB41EC495160019527B /* Patterns.swift in Sources */ = {isa = PBXBuildFile; fileRef = 28BC1A9B1EC495160019527B /* Patterns.swift */; };
		28BC1AB51EC495160019527B /* GenericParamsAndArgs.swift in Sources */ = {isa = PBXBuildFile; fileRef = 28BC1A9C1EC495160019527B /* GenericParamsAndArgs.swift */; };
		28BC1AB61EC495160019527B /* SummaryOfGrammer.swift in Sources */ = {isa = PBXBuildFile; fileRef = 28BC1A9D1EC495160019527B /* SummaryOfGrammer.swift */; };
		28F1528D1ECCB0130043B94C /* Enumerations.swift in Sources */ = {isa = PBXBuildFile; fileRef = 28F1528C1ECCB0130043B94C /* Enumerations.swift */; };
		A756F9A72933FBE700C27DBE /* Concurrency_Azzam.swift in Sources */ = {isa = PBXBuildFile; fileRef = A756F9A62933FBE700C27DBE /* Concurrency_Azzam.swift */; };
		A7C39F7A2A4B812D00D9EE9B /* Theory.swift in Sources */ = {isa = PBXBuildFile; fileRef = A7C39F792A4B812D00D9EE9B /* Theory.swift */; };
		A7C3F0E12930EC5600190712 /* Concurrency2.swift in Sources */ = {isa = PBXBuildFile; fileRef = A7C3F0E02930EC5600190712 /* Concurrency2.swift */; };
		B0C60DDB2615BA08000140E8 /* Misc.swift in Sources */ = {isa = PBXBuildFile; fileRef = B0C60DDA2615BA08000140E8 /* Misc.swift */; };
		B0E92EF526724F4900F12363 /* DependencyInjection.swift in Sources */ = {isa = PBXBuildFile; fileRef = B0E92EF426724F4900F12363 /* DependencyInjection.swift */; };
		E302964927C6238500D899BD /* VersionCompatibility.swift in Sources */ = {isa = PBXBuildFile; fileRef = E302964827C6238500D899BD /* VersionCompatibility.swift */; };
		E302966127C6263100D899BD /* Concurrency.swift in Sources */ = {isa = PBXBuildFile; fileRef = E302966027C6263100D899BD /* Concurrency.swift */; };
		E302967A27C62D4B00D899BD /* TypeErasures.swift in Sources */ = {isa = PBXBuildFile; fileRef = E302967927C62D4B00D899BD /* TypeErasures.swift */; };
		E302967C27C62D5600D899BD /* MemorySafety.swift in Sources */ = {isa = PBXBuildFile; fileRef = E302967B27C62D5600D899BD /* MemorySafety.swift */; };
		E318B7A427D6477F00C50252 /* Sets.swift in Sources */ = {isa = PBXBuildFile; fileRef = E318B7A327D6477F00C50252 /* Sets.swift */; };
		E3258D5928CC6235009AD139 /* Problem_004.swift in Sources */ = {isa = PBXBuildFile; fileRef = E3258D5828CC6235009AD139 /* Problem_004.swift */; };
		E3258D5B28CCB8CE009AD139 /* Problem_005.swift in Sources */ = {isa = PBXBuildFile; fileRef = E3258D5A28CCB8CE009AD139 /* Problem_005.swift */; };
		E330D1FA2858F681000CF2E5 /* Leet_1.swift in Sources */ = {isa = PBXBuildFile; fileRef = E330D1F92858F681000CF2E5 /* Leet_1.swift */; };
		E339852027DF6FCD003DB6C4 /* Closures2.swift in Sources */ = {isa = PBXBuildFile; fileRef = E339851F27DF6FCD003DB6C4 /* Closures2.swift */; };
		E339852227DF88C9003DB6C4 /* Closures3.swift in Sources */ = {isa = PBXBuildFile; fileRef = E339852127DF88C9003DB6C4 /* Closures3.swift */; };
		E3625633286F7CED00873C95 /* Properties_Example_1.swift in Sources */ = {isa = PBXBuildFile; fileRef = E3625632286F7CED00873C95 /* Properties_Example_1.swift */; };
		E369AE7327CBC3E3005A386E /* Bitwise.swift in Sources */ = {isa = PBXBuildFile; fileRef = E369AE7227CBC3E3005A386E /* Bitwise.swift */; };
		E3B37C5628C9E55A007A29C8 /* Problem_001.swift in Sources */ = {isa = PBXBuildFile; fileRef = E3B37C5528C9E55A007A29C8 /* Problem_001.swift */; };
		E3B37C5928C9E579007A29C8 /* AlgoUtils.swift in Sources */ = {isa = PBXBuildFile; fileRef = E3B37C5828C9E579007A29C8 /* AlgoUtils.swift */; };
		E3B37C5B28C9E585007A29C8 /* Problem_002.swift in Sources */ = {isa = PBXBuildFile; fileRef = E3B37C5A28C9E585007A29C8 /* Problem_002.swift */; };
		E3B37C5D28C9E5D9007A29C8 /* Problem_003.swift in Sources */ = {isa = PBXBuildFile; fileRef = E3B37C5C28C9E5D9007A29C8 /* Problem_003.swift */; };
		E3CD444F285BB2EE006B9AB1 /* AsyncAwait.swift in Sources */ = {isa = PBXBuildFile; fileRef = E3CD444E285BB2EE006B9AB1 /* AsyncAwait.swift */; };
/* End PBXBuildFile section */

/* Begin PBXCopyFilesBuildPhase section */
		281429F71E37B71D0044EF48 /* CopyFiles */ = {
			isa = PBXCopyFilesBuildPhase;
			buildActionMask = 2147483647;
			dstPath = /usr/share/man/man1/;
			dstSubfolderSpec = 0;
			files = (
			);
			runOnlyForDeploymentPostprocessing = 1;
		};
/* End PBXCopyFilesBuildPhase section */

/* Begin PBXFileReference section */
		281429F91E37B71E0044EF48 /* swiftBook */ = {isa = PBXFileReference; explicitFileType = "compiled.mach-o.executable"; includeInIndex = 0; path = swiftBook; sourceTree = BUILT_PRODUCTS_DIR; };
		281429FC1E37B71E0044EF48 /* main.swift */ = {isa = PBXFileReference; lastKnownFileType = sourcecode.swift; name = main.swift; path = swiftBook/main.swift; sourceTree = "<group>"; };
		28BC1A6D1EC48E2C0019527B /* AboutSwift.swift */ = {isa = PBXFileReference; fileEncoding = 4; lastKnownFileType = sourcecode.swift; path = AboutSwift.swift; sourceTree = "<group>"; };
		28BC1A6E1EC48E2C0019527B /* ASwiftTour.swift */ = {isa = PBXFileReference; fileEncoding = 4; lastKnownFileType = sourcecode.swift; path = ASwiftTour.swift; sourceTree = "<group>"; };
		28BC1A6F1EC48E2C0019527B /* TheBasics.swift */ = {isa = PBXFileReference; fileEncoding = 4; lastKnownFileType = sourcecode.swift; path = TheBasics.swift; sourceTree = "<group>"; };
		28BC1A701EC48E2C0019527B /* BasicOperators.swift */ = {isa = PBXFileReference; fileEncoding = 4; lastKnownFileType = sourcecode.swift; path = BasicOperators.swift; sourceTree = "<group>"; };
		28BC1A711EC48E2C0019527B /* StringsAndCharacters.swift */ = {isa = PBXFileReference; fileEncoding = 4; lastKnownFileType = sourcecode.swift; path = StringsAndCharacters.swift; sourceTree = "<group>"; };
		28BC1A721EC48E2C0019527B /* CollectionTypes.swift */ = {isa = PBXFileReference; fileEncoding = 4; lastKnownFileType = sourcecode.swift; path = CollectionTypes.swift; sourceTree = "<group>"; };
		28BC1A731EC48E2C0019527B /* ControlFlow.swift */ = {isa = PBXFileReference; fileEncoding = 4; lastKnownFileType = sourcecode.swift; path = ControlFlow.swift; sourceTree = "<group>"; };
		28BC1A741EC48E2C0019527B /* Functions.swift */ = {isa = PBXFileReference; fileEncoding = 4; lastKnownFileType = sourcecode.swift; path = Functions.swift; sourceTree = "<group>"; };
		28BC1A751EC48E2C0019527B /* Closures.swift */ = {isa = PBXFileReference; fileEncoding = 4; lastKnownFileType = sourcecode.swift; path = Closures.swift; sourceTree = "<group>"; };
		28BC1A761EC48E2C0019527B /* StructuresAndClasses.swift */ = {isa = PBXFileReference; fileEncoding = 4; lastKnownFileType = sourcecode.swift; path = StructuresAndClasses.swift; sourceTree = "<group>"; };
		28BC1A771EC48E2C0019527B /* Properties.swift */ = {isa = PBXFileReference; fileEncoding = 4; lastKnownFileType = sourcecode.swift; path = Properties.swift; sourceTree = "<group>"; };
		28BC1A781EC48E2C0019527B /* Methods.swift */ = {isa = PBXFileReference; fileEncoding = 4; lastKnownFileType = sourcecode.swift; path = Methods.swift; sourceTree = "<group>"; };
		28BC1A861EC495160019527B /* Subscripts.swift */ = {isa = PBXFileReference; fileEncoding = 4; lastKnownFileType = sourcecode.swift; path = Subscripts.swift; sourceTree = "<group>"; };
		28BC1A871EC495160019527B /* Inheritance.swift */ = {isa = PBXFileReference; fileEncoding = 4; lastKnownFileType = sourcecode.swift; path = Inheritance.swift; sourceTree = "<group>"; };
		28BC1A881EC495160019527B /* Initialization.swift */ = {isa = PBXFileReference; fileEncoding = 4; lastKnownFileType = sourcecode.swift; path = Initialization.swift; sourceTree = "<group>"; };
		28BC1A891EC495160019527B /* Deinitialization.swift */ = {isa = PBXFileReference; fileEncoding = 4; lastKnownFileType = sourcecode.swift; path = Deinitialization.swift; sourceTree = "<group>"; };
		28BC1A8A1EC495160019527B /* ARC.swift */ = {isa = PBXFileReference; fileEncoding = 4; lastKnownFileType = sourcecode.swift; path = ARC.swift; sourceTree = "<group>"; };
		28BC1A8B1EC495160019527B /* OptionalChaining.swift */ = {isa = PBXFileReference; fileEncoding = 4; lastKnownFileType = sourcecode.swift; path = OptionalChaining.swift; sourceTree = "<group>"; };
		28BC1A8C1EC495160019527B /* ErrorHandling.swift */ = {isa = PBXFileReference; fileEncoding = 4; lastKnownFileType = sourcecode.swift; path = ErrorHandling.swift; sourceTree = "<group>"; };
		28BC1A8D1EC495160019527B /* TypeCasting.swift */ = {isa = PBXFileReference; fileEncoding = 4; lastKnownFileType = sourcecode.swift; path = TypeCasting.swift; sourceTree = "<group>"; };
		28BC1A8E1EC495160019527B /* NestedTypes.swift */ = {isa = PBXFileReference; fileEncoding = 4; lastKnownFileType = sourcecode.swift; path = NestedTypes.swift; sourceTree = "<group>"; };
		28BC1A8F1EC495160019527B /* Extensions.swift */ = {isa = PBXFileReference; fileEncoding = 4; lastKnownFileType = sourcecode.swift; path = Extensions.swift; sourceTree = "<group>"; };
		28BC1A901EC495160019527B /* Protocols.swift */ = {isa = PBXFileReference; fileEncoding = 4; lastKnownFileType = sourcecode.swift; path = Protocols.swift; sourceTree = "<group>"; };
		28BC1A911EC495160019527B /* Generics.swift */ = {isa = PBXFileReference; fileEncoding = 4; lastKnownFileType = sourcecode.swift; path = Generics.swift; sourceTree = "<group>"; };
		28BC1A921EC495160019527B /* AccessControl.swift */ = {isa = PBXFileReference; fileEncoding = 4; lastKnownFileType = sourcecode.swift; path = AccessControl.swift; sourceTree = "<group>"; };
		28BC1A931EC495160019527B /* AdvancedOperators.swift */ = {isa = PBXFileReference; fileEncoding = 4; lastKnownFileType = sourcecode.swift; path = AdvancedOperators.swift; sourceTree = "<group>"; };
		28BC1A941EC495160019527B /* AboutLanguageReference.swift */ = {isa = PBXFileReference; fileEncoding = 4; lastKnownFileType = sourcecode.swift; path = AboutLanguageReference.swift; sourceTree = "<group>"; };
		28BC1A951EC495160019527B /* LexicalStructure.swift */ = {isa = PBXFileReference; fileEncoding = 4; lastKnownFileType = sourcecode.swift; path = LexicalStructure.swift; sourceTree = "<group>"; };
		28BC1A961EC495160019527B /* Types.swift */ = {isa = PBXFileReference; fileEncoding = 4; lastKnownFileType = sourcecode.swift; path = Types.swift; sourceTree = "<group>"; };
		28BC1A971EC495160019527B /* Expressions.swift */ = {isa = PBXFileReference; fileEncoding = 4; lastKnownFileType = sourcecode.swift; path = Expressions.swift; sourceTree = "<group>"; };
		28BC1A981EC495160019527B /* Statements.swift */ = {isa = PBXFileReference; fileEncoding = 4; lastKnownFileType = sourcecode.swift; path = Statements.swift; sourceTree = "<group>"; };
		28BC1A991EC495160019527B /* Declarations.swift */ = {isa = PBXFileReference; fileEncoding = 4; lastKnownFileType = sourcecode.swift; path = Declarations.swift; sourceTree = "<group>"; };
		28BC1A9A1EC495160019527B /* Attributes.swift */ = {isa = PBXFileReference; fileEncoding = 4; lastKnownFileType = sourcecode.swift; path = Attributes.swift; sourceTree = "<group>"; };
		28BC1A9B1EC495160019527B /* Patterns.swift */ = {isa = PBXFileReference; fileEncoding = 4; lastKnownFileType = sourcecode.swift; path = Patterns.swift; sourceTree = "<group>"; };
		28BC1A9C1EC495160019527B /* GenericParamsAndArgs.swift */ = {isa = PBXFileReference; fileEncoding = 4; lastKnownFileType = sourcecode.swift; path = GenericParamsAndArgs.swift; sourceTree = "<group>"; };
		28BC1A9D1EC495160019527B /* SummaryOfGrammer.swift */ = {isa = PBXFileReference; fileEncoding = 4; lastKnownFileType = sourcecode.swift; path = SummaryOfGrammer.swift; sourceTree = "<group>"; };
		28F1528C1ECCB0130043B94C /* Enumerations.swift */ = {isa = PBXFileReference; fileEncoding = 4; lastKnownFileType = sourcecode.swift; path = Enumerations.swift; sourceTree = "<group>"; };
		A756F9A62933FBE700C27DBE /* Concurrency_Azzam.swift */ = {isa = PBXFileReference; lastKnownFileType = sourcecode.swift; path = Concurrency_Azzam.swift; sourceTree = "<group>"; };
		A7C39F792A4B812D00D9EE9B /* Theory.swift */ = {isa = PBXFileReference; lastKnownFileType = sourcecode.swift; path = Theory.swift; sourceTree = "<group>"; };
		A7C3F0E02930EC5600190712 /* Concurrency2.swift */ = {isa = PBXFileReference; lastKnownFileType = sourcecode.swift; path = Concurrency2.swift; sourceTree = "<group>"; };
		B0C60DDA2615BA08000140E8 /* Misc.swift */ = {isa = PBXFileReference; lastKnownFileType = sourcecode.swift; path = Misc.swift; sourceTree = "<group>"; };
		B0E92EF426724F4900F12363 /* DependencyInjection.swift */ = {isa = PBXFileReference; lastKnownFileType = sourcecode.swift; path = DependencyInjection.swift; sourceTree = "<group>"; };
		E302964827C6238500D899BD /* VersionCompatibility.swift */ = {isa = PBXFileReference; lastKnownFileType = sourcecode.swift; path = VersionCompatibility.swift; sourceTree = "<group>"; };
		E302966027C6263100D899BD /* Concurrency.swift */ = {isa = PBXFileReference; lastKnownFileType = sourcecode.swift; path = Concurrency.swift; sourceTree = "<group>"; };
		E302967927C62D4B00D899BD /* TypeErasures.swift */ = {isa = PBXFileReference; lastKnownFileType = sourcecode.swift; path = TypeErasures.swift; sourceTree = "<group>"; };
		E302967B27C62D5600D899BD /* MemorySafety.swift */ = {isa = PBXFileReference; lastKnownFileType = sourcecode.swift; path = MemorySafety.swift; sourceTree = "<group>"; };
		E318B7A327D6477F00C50252 /* Sets.swift */ = {isa = PBXFileReference; lastKnownFileType = sourcecode.swift; path = Sets.swift; sourceTree = "<group>"; };
		E3258D5828CC6235009AD139 /* Problem_004.swift */ = {isa = PBXFileReference; lastKnownFileType = sourcecode.swift; path = Problem_004.swift; sourceTree = "<group>"; };
		E3258D5A28CCB8CE009AD139 /* Problem_005.swift */ = {isa = PBXFileReference; lastKnownFileType = sourcecode.swift; path = Problem_005.swift; sourceTree = "<group>"; };
		E3298A28288181890060514A /* Protocols_DI.playground */ = {isa = PBXFileReference; lastKnownFileType = file.playground; path = Protocols_DI.playground; sourceTree = "<group>"; xcLanguageSpecificationIdentifier = xcode.lang.swift; };
		E3298A2A288191030060514A /* Protocols_DI_AF.playground */ = {isa = PBXFileReference; lastKnownFileType = file.playground; path = Protocols_DI_AF.playground; sourceTree = "<group>"; xcLanguageSpecificationIdentifier = xcode.lang.swift; };
		E3298A2B2881A9DB0060514A /* OpaqueTypes_Swift_And_Tips.playground */ = {isa = PBXFileReference; lastKnownFileType = file.playground; path = OpaqueTypes_Swift_And_Tips.playground; sourceTree = "<group>"; xcLanguageSpecificationIdentifier = xcode.lang.swift; };
		E3298A2C2881C3A60060514A /* OpaqueTypes.playground */ = {isa = PBXFileReference; lastKnownFileType = file.playground; path = OpaqueTypes.playground; sourceTree = "<group>"; xcLanguageSpecificationIdentifier = xcode.lang.swift; };
		E330D1F92858F681000CF2E5 /* Leet_1.swift */ = {isa = PBXFileReference; lastKnownFileType = sourcecode.swift; path = Leet_1.swift; sourceTree = "<group>"; };
		E339851F27DF6FCD003DB6C4 /* Closures2.swift */ = {isa = PBXFileReference; lastKnownFileType = sourcecode.swift; path = Closures2.swift; sourceTree = "<group>"; };
		E339852127DF88C9003DB6C4 /* Closures3.swift */ = {isa = PBXFileReference; lastKnownFileType = sourcecode.swift; path = Closures3.swift; sourceTree = "<group>"; };
		E3625632286F7CED00873C95 /* Properties_Example_1.swift */ = {isa = PBXFileReference; lastKnownFileType = sourcecode.swift; path = Properties_Example_1.swift; sourceTree = "<group>"; };
		E369AE7227CBC3E3005A386E /* Bitwise.swift */ = {isa = PBXFileReference; lastKnownFileType = sourcecode.swift; path = Bitwise.swift; sourceTree = "<group>"; };
		E3B37C5528C9E55A007A29C8 /* Problem_001.swift */ = {isa = PBXFileReference; lastKnownFileType = sourcecode.swift; path = Problem_001.swift; sourceTree = "<group>"; };
		E3B37C5828C9E579007A29C8 /* AlgoUtils.swift */ = {isa = PBXFileReference; lastKnownFileType = sourcecode.swift; path = AlgoUtils.swift; sourceTree = "<group>"; };
		E3B37C5A28C9E585007A29C8 /* Problem_002.swift */ = {isa = PBXFileReference; lastKnownFileType = sourcecode.swift; path = Problem_002.swift; sourceTree = "<group>"; };
		E3B37C5C28C9E5D9007A29C8 /* Problem_003.swift */ = {isa = PBXFileReference; lastKnownFileType = sourcecode.swift; path = Problem_003.swift; sourceTree = "<group>"; };
		E3CD444E285BB2EE006B9AB1 /* AsyncAwait.swift */ = {isa = PBXFileReference; lastKnownFileType = sourcecode.swift; path = AsyncAwait.swift; sourceTree = "<group>"; };
		E3F42FDE288886F900595BE0 /* Practical_Combine_Ch2.playground */ = {isa = PBXFileReference; lastKnownFileType = file.playground; path = Practical_Combine_Ch2.playground; sourceTree = "<group>"; xcLanguageSpecificationIdentifier = xcode.lang.swift; };
		E3F42FDF28889D4E00595BE0 /* Practical_Combine_Ch3.playground */ = {isa = PBXFileReference; lastKnownFileType = file.playground; path = Practical_Combine_Ch3.playground; sourceTree = "<group>"; xcLanguageSpecificationIdentifier = xcode.lang.swift; };
/* End PBXFileReference section */

/* Begin PBXFrameworksBuildPhase section */
		281429F61E37B71D0044EF48 /* Frameworks */ = {
			isa = PBXFrameworksBuildPhase;
			buildActionMask = 2147483647;
			files = (
			);
			runOnlyForDeploymentPostprocessing = 0;
		};
/* End PBXFrameworksBuildPhase section */

/* Begin PBXGroup section */
		281429F01E37B71D0044EF48 = {
			isa = PBXGroup;
			children = (
				E306B61828C6BEC300612DBE /* Algo */,
				E3F42FDD2888869200595BE0 /* Combine */,
				E3CD444D285BB2E0006B9AB1 /* Async_Await */,
				E330D1F82858F673000CF2E5 /* Leet_Code */,
				281429FC1E37B71E0044EF48 /* main.swift */,
				281429FB1E37B71E0044EF48 /* Swift */,
				E302967727C62C0C00D899BD /* Swift_OOP */,
				28BC1A851EC4915E0019527B /* Swift_POP */,
				E302967827C62C2E00D899BD /* Swift_Design_Patterns */,
				E32E5AD120DD1998008B27CD /* BOB */,
				B0C60DD72614E467000140E8 /* RXswift */,
				281429FA1E37B71E0044EF48 /* Products */,
			);
			sourceTree = "<group>";
		};
		281429FA1E37B71E0044EF48 /* Products */ = {
			isa = PBXGroup;
			children = (
				281429F91E37B71E0044EF48 /* swiftBook */,
			);
			name = Products;
			sourceTree = "<group>";
		};
		281429FB1E37B71E0044EF48 /* Swift */ = {
			isa = PBXGroup;
			children = (
				B0C60DD92615B9FB000140E8 /* 0_Misc */,
				E302964627C6234600D899BD /* 1_Welcome_To_Swift */,
				E302964A27C623C500D899BD /* 2_Language_Guide */,
				E302964B27C623D800D899BD /* 3_Language_Reference */,
			);
			name = Swift;
			path = swiftBook;
			sourceTree = "<group>";
		};
		28BC1A851EC4915E0019527B /* Swift_POP */ = {
			isa = PBXGroup;
			children = (
			);
			name = Swift_POP;
			path = swiftBook;
			sourceTree = "<group>";
		};
		B049FA4926249C7000EF1BA5 /* ASwiftTour */ = {
			isa = PBXGroup;
			children = (
				28BC1A6E1EC48E2C0019527B /* ASwiftTour.swift */,
			);
			path = ASwiftTour;
			sourceTree = "<group>";
		};
		B0C60DD2261480B5000140E8 /* AboutSwift */ = {
			isa = PBXGroup;
			children = (
				28BC1A6D1EC48E2C0019527B /* AboutSwift.swift */,
			);
			path = AboutSwift;
			sourceTree = "<group>";
		};
		B0C60DD72614E467000140E8 /* RXswift */ = {
			isa = PBXGroup;
			children = (
			);
			path = RXswift;
			sourceTree = "<group>";
		};
		B0C60DD92615B9FB000140E8 /* 0_Misc */ = {
			isa = PBXGroup;
			children = (
				B0C60DDA2615BA08000140E8 /* Misc.swift */,
				B0E92EF426724F4900F12363 /* DependencyInjection.swift */,
				E369AE7227CBC3E3005A386E /* Bitwise.swift */,
				E318B7A327D6477F00C50252 /* Sets.swift */,
			);
			path = 0_Misc;
			sourceTree = "<group>";
		};
		E302964627C6234600D899BD /* 1_Welcome_To_Swift */ = {
			isa = PBXGroup;
			children = (
				B0C60DD2261480B5000140E8 /* AboutSwift */,
				E302964727C6236700D899BD /* VersionCompatibility */,
				B049FA4926249C7000EF1BA5 /* ASwiftTour */,
			);
			path = 1_Welcome_To_Swift;
			sourceTree = "<group>";
		};
		E302964727C6236700D899BD /* VersionCompatibility */ = {
			isa = PBXGroup;
			children = (
				E302964827C6238500D899BD /* VersionCompatibility.swift */,
			);
			path = VersionCompatibility;
			sourceTree = "<group>";
		};
		E302964A27C623C500D899BD /* 2_Language_Guide */ = {
			isa = PBXGroup;
			children = (
				E302964D27C6242B00D899BD /* TheBasics */,
				E302964E27C6243100D899BD /* BasicOperators */,
				E302964F27C6243700D899BD /* StringsAndCharacters */,
				E302965027C6243C00D899BD /* CollectionTypes */,
				E302965127C6244800D899BD /* ControlFlow */,
				E302965227C6246200D899BD /* Functions */,
				E302965327C6246B00D899BD /* Closures */,
				E302965427C6247000D899BD /* Enumerations */,
				E302965527C6247300D899BD /* StructuresAndClasses */,
				E302965627C6247700D899BD /* Properties */,
				E302965727C6247C00D899BD /* Methods */,
				E302965827C6248100D899BD /* Subscripts */,
				E302965927C6248500D899BD /* Inheritance */,
				E302965A27C6248A00D899BD /* Initialization */,
				E302965B27C6249100D899BD /* Deinitialization */,
				E302965C27C6249600D899BD /* OptionalChaining */,
				E302965D27C6249B00D899BD /* ErrorHandling */,
				E302965E27C6257100D899BD /* Concurrency */,
				E302965F27C6258900D899BD /* TypeCasting */,
				E302966227C6265D00D899BD /* NestedTypes */,
				E302966627C6267400D899BD /* Extensions */,
				E302966427C6266800D899BD /* Protocols */,
				E302966527C6266E00D899BD /* Generics */,
				E302966327C6266300D899BD /* OpaqueTypes */,
				E302966A27C626E500D899BD /* ARC */,
				E302966B27C626EB00D899BD /* MemorySafety */,
				E302966927C626DF00D899BD /* AccessControl */,
				E302966827C626D400D899BD /* AdvancedOperators */,
			);
			path = 2_Language_Guide;
			sourceTree = "<group>";
		};
		E302964B27C623D800D899BD /* 3_Language_Reference */ = {
			isa = PBXGroup;
			children = (
				E302966C27C627D600D899BD /* AboutLanguageReference */,
				E302966D27C627E300D899BD /* LexicalStructure */,
				E302966E27C6284700D899BD /* Types */,
				E302966F27C6284D00D899BD /* Expressions */,
				E302967027C6285600D899BD /* Statements */,
				E302967127C6285B00D899BD /* Declarations */,
				E302967227C6286400D899BD /* Attributes */,
				E302967627C628F200D899BD /* Patterns */,
				E302967427C628E700D899BD /* GenericParamsAndArgs */,
				E302967527C628ED00D899BD /* SummaryOfGrammer */,
			);
			path = 3_Language_Reference;
			sourceTree = "<group>";
		};
		E302964D27C6242B00D899BD /* TheBasics */ = {
			isa = PBXGroup;
			children = (
				28BC1A6F1EC48E2C0019527B /* TheBasics.swift */,
			);
			path = TheBasics;
			sourceTree = "<group>";
		};
		E302964E27C6243100D899BD /* BasicOperators */ = {
			isa = PBXGroup;
			children = (
				28BC1A701EC48E2C0019527B /* BasicOperators.swift */,
			);
			path = BasicOperators;
			sourceTree = "<group>";
		};
		E302964F27C6243700D899BD /* StringsAndCharacters */ = {
			isa = PBXGroup;
			children = (
				28BC1A711EC48E2C0019527B /* StringsAndCharacters.swift */,
			);
			path = StringsAndCharacters;
			sourceTree = "<group>";
		};
		E302965027C6243C00D899BD /* CollectionTypes */ = {
			isa = PBXGroup;
			children = (
				28BC1A721EC48E2C0019527B /* CollectionTypes.swift */,
			);
			path = CollectionTypes;
			sourceTree = "<group>";
		};
		E302965127C6244800D899BD /* ControlFlow */ = {
			isa = PBXGroup;
			children = (
				28BC1A731EC48E2C0019527B /* ControlFlow.swift */,
			);
			path = ControlFlow;
			sourceTree = "<group>";
		};
		E302965227C6246200D899BD /* Functions */ = {
			isa = PBXGroup;
			children = (
				28BC1A741EC48E2C0019527B /* Functions.swift */,
			);
			path = Functions;
			sourceTree = "<group>";
		};
		E302965327C6246B00D899BD /* Closures */ = {
			isa = PBXGroup;
			children = (
				28BC1A751EC48E2C0019527B /* Closures.swift */,
				E339851F27DF6FCD003DB6C4 /* Closures2.swift */,
				E339852127DF88C9003DB6C4 /* Closures3.swift */,
			);
			path = Closures;
			sourceTree = "<group>";
		};
		E302965427C6247000D899BD /* Enumerations */ = {
			isa = PBXGroup;
			children = (
				28F1528C1ECCB0130043B94C /* Enumerations.swift */,
			);
			path = Enumerations;
			sourceTree = "<group>";
		};
		E302965527C6247300D899BD /* StructuresAndClasses */ = {
			isa = PBXGroup;
			children = (
				28BC1A761EC48E2C0019527B /* StructuresAndClasses.swift */,
			);
			path = StructuresAndClasses;
			sourceTree = "<group>";
		};
		E302965627C6247700D899BD /* Properties */ = {
			isa = PBXGroup;
			children = (
				28BC1A771EC48E2C0019527B /* Properties.swift */,
				E3625632286F7CED00873C95 /* Properties_Example_1.swift */,
			);
			path = Properties;
			sourceTree = "<group>";
		};
		E302965727C6247C00D899BD /* Methods */ = {
			isa = PBXGroup;
			children = (
				28BC1A781EC48E2C0019527B /* Methods.swift */,
			);
			path = Methods;
			sourceTree = "<group>";
		};
		E302965827C6248100D899BD /* Subscripts */ = {
			isa = PBXGroup;
			children = (
				28BC1A861EC495160019527B /* Subscripts.swift */,
			);
			path = Subscripts;
			sourceTree = "<group>";
		};
		E302965927C6248500D899BD /* Inheritance */ = {
			isa = PBXGroup;
			children = (
				28BC1A871EC495160019527B /* Inheritance.swift */,
			);
			path = Inheritance;
			sourceTree = "<group>";
		};
		E302965A27C6248A00D899BD /* Initialization */ = {
			isa = PBXGroup;
			children = (
				28BC1A881EC495160019527B /* Initialization.swift */,
			);
			path = Initialization;
			sourceTree = "<group>";
		};
		E302965B27C6249100D899BD /* Deinitialization */ = {
			isa = PBXGroup;
			children = (
				28BC1A891EC495160019527B /* Deinitialization.swift */,
			);
			path = Deinitialization;
			sourceTree = "<group>";
		};
		E302965C27C6249600D899BD /* OptionalChaining */ = {
			isa = PBXGroup;
			children = (
				28BC1A8B1EC495160019527B /* OptionalChaining.swift */,
			);
			path = OptionalChaining;
			sourceTree = "<group>";
		};
		E302965D27C6249B00D899BD /* ErrorHandling */ = {
			isa = PBXGroup;
			children = (
				28BC1A8C1EC495160019527B /* ErrorHandling.swift */,
			);
			path = ErrorHandling;
			sourceTree = "<group>";
		};
		E302965E27C6257100D899BD /* Concurrency */ = {
			isa = PBXGroup;
			children = (
				E302966027C6263100D899BD /* Concurrency.swift */,
				A7C3F0E02930EC5600190712 /* Concurrency2.swift */,
				A756F9A62933FBE700C27DBE /* Concurrency_Azzam.swift */,
			);
			path = Concurrency;
			sourceTree = "<group>";
		};
		E302965F27C6258900D899BD /* TypeCasting */ = {
			isa = PBXGroup;
			children = (
				28BC1A8D1EC495160019527B /* TypeCasting.swift */,
			);
			path = TypeCasting;
			sourceTree = "<group>";
		};
		E302966227C6265D00D899BD /* NestedTypes */ = {
			isa = PBXGroup;
			children = (
				28BC1A8E1EC495160019527B /* NestedTypes.swift */,
			);
			path = NestedTypes;
			sourceTree = "<group>";
		};
		E302966327C6266300D899BD /* OpaqueTypes */ = {
			isa = PBXGroup;
			children = (
				E302967927C62D4B00D899BD /* TypeErasures.swift */,
				E3298A2C2881C3A60060514A /* OpaqueTypes.playground */,
				E3298A2B2881A9DB0060514A /* OpaqueTypes_Swift_And_Tips.playground */,
			);
			path = OpaqueTypes;
			sourceTree = "<group>";
		};
		E302966427C6266800D899BD /* Protocols */ = {
			isa = PBXGroup;
			children = (
				E3298A2A288191030060514A /* Protocols_DI_AF.playground */,
				E3298A28288181890060514A /* Protocols_DI.playground */,
				28BC1A901EC495160019527B /* Protocols.swift */,
			);
			path = Protocols;
			sourceTree = "<group>";
		};
		E302966527C6266E00D899BD /* Generics */ = {
			isa = PBXGroup;
			children = (
				28BC1A911EC495160019527B /* Generics.swift */,
			);
			path = Generics;
			sourceTree = "<group>";
		};
		E302966627C6267400D899BD /* Extensions */ = {
			isa = PBXGroup;
			children = (
				28BC1A8F1EC495160019527B /* Extensions.swift */,
			);
			path = Extensions;
			sourceTree = "<group>";
		};
		E302966827C626D400D899BD /* AdvancedOperators */ = {
			isa = PBXGroup;
			children = (
				28BC1A931EC495160019527B /* AdvancedOperators.swift */,
			);
			path = AdvancedOperators;
			sourceTree = "<group>";
		};
		E302966927C626DF00D899BD /* AccessControl */ = {
			isa = PBXGroup;
			children = (
				28BC1A921EC495160019527B /* AccessControl.swift */,
			);
			path = AccessControl;
			sourceTree = "<group>";
		};
		E302966A27C626E500D899BD /* ARC */ = {
			isa = PBXGroup;
			children = (
				A7C39F792A4B812D00D9EE9B /* Theory.swift */,
				28BC1A8A1EC495160019527B /* ARC.swift */,
			);
			path = ARC;
			sourceTree = "<group>";
		};
		E302966B27C626EB00D899BD /* MemorySafety */ = {
			isa = PBXGroup;
			children = (
				E302967B27C62D5600D899BD /* MemorySafety.swift */,
			);
			path = MemorySafety;
			sourceTree = "<group>";
		};
		E302966C27C627D600D899BD /* AboutLanguageReference */ = {
			isa = PBXGroup;
			children = (
				28BC1A941EC495160019527B /* AboutLanguageReference.swift */,
			);
			path = AboutLanguageReference;
			sourceTree = "<group>";
		};
		E302966D27C627E300D899BD /* LexicalStructure */ = {
			isa = PBXGroup;
			children = (
				28BC1A951EC495160019527B /* LexicalStructure.swift */,
			);
			path = LexicalStructure;
			sourceTree = "<group>";
		};
		E302966E27C6284700D899BD /* Types */ = {
			isa = PBXGroup;
			children = (
				28BC1A961EC495160019527B /* Types.swift */,
			);
			path = Types;
			sourceTree = "<group>";
		};
		E302966F27C6284D00D899BD /* Expressions */ = {
			isa = PBXGroup;
			children = (
				28BC1A971EC495160019527B /* Expressions.swift */,
			);
			path = Expressions;
			sourceTree = "<group>";
		};
		E302967027C6285600D899BD /* Statements */ = {
			isa = PBXGroup;
			children = (
				28BC1A981EC495160019527B /* Statements.swift */,
			);
			path = Statements;
			sourceTree = "<group>";
		};
		E302967127C6285B00D899BD /* Declarations */ = {
			isa = PBXGroup;
			children = (
				28BC1A991EC495160019527B /* Declarations.swift */,
			);
			path = Declarations;
			sourceTree = "<group>";
		};
		E302967227C6286400D899BD /* Attributes */ = {
			isa = PBXGroup;
			children = (
				28BC1A9A1EC495160019527B /* Attributes.swift */,
			);
			path = Attributes;
			sourceTree = "<group>";
		};
		E302967427C628E700D899BD /* GenericParamsAndArgs */ = {
			isa = PBXGroup;
			children = (
				28BC1A9C1EC495160019527B /* GenericParamsAndArgs.swift */,
			);
			path = GenericParamsAndArgs;
			sourceTree = "<group>";
		};
		E302967527C628ED00D899BD /* SummaryOfGrammer */ = {
			isa = PBXGroup;
			children = (
				28BC1A9D1EC495160019527B /* SummaryOfGrammer.swift */,
			);
			path = SummaryOfGrammer;
			sourceTree = "<group>";
		};
		E302967627C628F200D899BD /* Patterns */ = {
			isa = PBXGroup;
			children = (
				28BC1A9B1EC495160019527B /* Patterns.swift */,
			);
			path = Patterns;
			sourceTree = "<group>";
		};
		E302967727C62C0C00D899BD /* Swift_OOP */ = {
			isa = PBXGroup;
			children = (
			);
			path = Swift_OOP;
			sourceTree = "<group>";
		};
		E302967827C62C2E00D899BD /* Swift_Design_Patterns */ = {
			isa = PBXGroup;
			children = (
			);
			path = Swift_Design_Patterns;
			sourceTree = "<group>";
		};
		E306B61828C6BEC300612DBE /* Algo */ = {
			isa = PBXGroup;
			children = (
				E3B37C5728C9E562007A29C8 /* Utils */,
				E3B37C5528C9E55A007A29C8 /* Problem_001.swift */,
				E3B37C5A28C9E585007A29C8 /* Problem_002.swift */,
				E3B37C5C28C9E5D9007A29C8 /* Problem_003.swift */,
				E3258D5828CC6235009AD139 /* Problem_004.swift */,
				E3258D5A28CCB8CE009AD139 /* Problem_005.swift */,
			);
			path = Algo;
			sourceTree = "<group>";
		};
		E32E5AD120DD1998008B27CD /* BOB */ = {
			isa = PBXGroup;
			children = (
			);
			path = BOB;
			sourceTree = "<group>";
		};
		E330D1F82858F673000CF2E5 /* Leet_Code */ = {
			isa = PBXGroup;
			children = (
				E330D1F92858F681000CF2E5 /* Leet_1.swift */,
			);
			path = Leet_Code;
			sourceTree = "<group>";
		};
		E3B37C5728C9E562007A29C8 /* Utils */ = {
			isa = PBXGroup;
			children = (
				E3B37C5828C9E579007A29C8 /* AlgoUtils.swift */,
			);
			path = Utils;
			sourceTree = "<group>";
		};
		E3CD444D285BB2E0006B9AB1 /* Async_Await */ = {
			isa = PBXGroup;
			children = (
				E3CD444E285BB2EE006B9AB1 /* AsyncAwait.swift */,
			);
			path = Async_Await;
			sourceTree = "<group>";
		};
		E3F42FDD2888869200595BE0 /* Combine */ = {
			isa = PBXGroup;
			children = (
				E3F42FDE288886F900595BE0 /* Practical_Combine_Ch2.playground */,
				E3F42FDF28889D4E00595BE0 /* Practical_Combine_Ch3.playground */,
			);
			path = Combine;
			sourceTree = "<group>";
		};
/* End PBXGroup section */

/* Begin PBXNativeTarget section */
		281429F81E37B71D0044EF48 /* swiftBook */ = {
			isa = PBXNativeTarget;
			buildConfigurationList = 28142A001E37B71E0044EF48 /* Build configuration list for PBXNativeTarget "swiftBook" */;
			buildPhases = (
				281429F51E37B71D0044EF48 /* Sources */,
				281429F61E37B71D0044EF48 /* Frameworks */,
				281429F71E37B71D0044EF48 /* CopyFiles */,
			);
			buildRules = (
			);
			dependencies = (
			);
			name = swiftBook;
			productName = swiftBook;
			productReference = 281429F91E37B71E0044EF48 /* swiftBook */;
			productType = "com.apple.product-type.tool";
		};
/* End PBXNativeTarget section */

/* Begin PBXProject section */
		281429F11E37B71D0044EF48 /* Project object */ = {
			isa = PBXProject;
			attributes = {
				LastSwiftUpdateCheck = 0820;
				LastUpgradeCheck = 0820;
				ORGANIZATIONNAME = DeyaEldeen;
				TargetAttributes = {
					281429F81E37B71D0044EF48 = {
						CreatedOnToolsVersion = 8.2.1;
						ProvisioningStyle = Automatic;
					};
				};
			};
			buildConfigurationList = 281429F41E37B71D0044EF48 /* Build configuration list for PBXProject "swiftBook" */;
			compatibilityVersion = "Xcode 3.2";
			developmentRegion = English;
			hasScannedForEncodings = 0;
			knownRegions = (
				English,
				en,
			);
			mainGroup = 281429F01E37B71D0044EF48;
			productRefGroup = 281429FA1E37B71E0044EF48 /* Products */;
			projectDirPath = "";
			projectRoot = "";
			targets = (
				281429F81E37B71D0044EF48 /* swiftBook */,
			);
		};
/* End PBXProject section */

/* Begin PBXSourcesBuildPhase section */
		281429F51E37B71D0044EF48 /* Sources */ = {
			isa = PBXSourcesBuildPhase;
			buildActionMask = 2147483647;
			files = (
				28BC1AAB1EC495160019527B /* AccessControl.swift in Sources */,
				28F1528D1ECCB0130043B94C /* Enumerations.swift in Sources */,
				281429FD1E37B71E0044EF48 /* main.swift in Sources */,
				28BC1AB01EC495160019527B /* Expressions.swift in Sources */,
				28BC1AB41EC495160019527B /* Patterns.swift in Sources */,
				E3B37C5628C9E55A007A29C8 /* Problem_001.swift in Sources */,
				28BC1AAD1EC495160019527B /* AboutLanguageReference.swift in Sources */,
				28BC1A9F1EC495160019527B /* Subscripts.swift in Sources */,
				A756F9A72933FBE700C27DBE /* Concurrency_Azzam.swift in Sources */,
				E3CD444F285BB2EE006B9AB1 /* AsyncAwait.swift in Sources */,
				28BC1A791EC48E2C0019527B /* AboutSwift.swift in Sources */,
				28BC1A7A1EC48E2C0019527B /* ASwiftTour.swift in Sources */,
				28BC1A7B1EC48E2C0019527B /* TheBasics.swift in Sources */,
				28BC1A841EC48E2C0019527B /* Methods.swift in Sources */,
				28BC1AA81EC495160019527B /* Extensions.swift in Sources */,
				28BC1A7C1EC48E2C0019527B /* BasicOperators.swift in Sources */,
				28BC1AA31EC495160019527B /* ARC.swift in Sources */,
				E3258D5928CC6235009AD139 /* Problem_004.swift in Sources */,
				28BC1AA71EC495160019527B /* NestedTypes.swift in Sources */,
				28BC1AB21EC495160019527B /* Declarations.swift in Sources */,
				28BC1AA11EC495160019527B /* Initialization.swift in Sources */,
				28BC1AAF1EC495160019527B /* Types.swift in Sources */,
				E302967A27C62D4B00D899BD /* TypeErasures.swift in Sources */,
				28BC1A7E1EC48E2C0019527B /* CollectionTypes.swift in Sources */,
				28BC1A811EC48E2C0019527B /* Closures.swift in Sources */,
				E302966127C6263100D899BD /* Concurrency.swift in Sources */,
				28BC1AAA1EC495160019527B /* Generics.swift in Sources */,
				28BC1AA21EC495160019527B /* Deinitialization.swift in Sources */,
				28BC1AAC1EC495160019527B /* AdvancedOperators.swift in Sources */,
				E3B37C5D28C9E5D9007A29C8 /* Problem_003.swift in Sources */,
				A7C39F7A2A4B812D00D9EE9B /* Theory.swift in Sources */,
				E3258D5B28CCB8CE009AD139 /* Problem_005.swift in Sources */,
				28BC1AB31EC495160019527B /* Attributes.swift in Sources */,
				28BC1A7F1EC48E2C0019527B /* ControlFlow.swift in Sources */,
				28BC1AB11EC495160019527B /* Statements.swift in Sources */,
				E369AE7327CBC3E3005A386E /* Bitwise.swift in Sources */,
				28BC1AB51EC495160019527B /* GenericParamsAndArgs.swift in Sources */,
				E3625633286F7CED00873C95 /* Properties_Example_1.swift in Sources */,
				A7C3F0E12930EC5600190712 /* Concurrency2.swift in Sources */,
				28BC1AAE1EC495160019527B /* LexicalStructure.swift in Sources */,
				E302967C27C62D5600D899BD /* MemorySafety.swift in Sources */,
				28BC1A831EC48E2C0019527B /* Properties.swift in Sources */,
				28BC1A801EC48E2C0019527B /* Functions.swift in Sources */,
				E318B7A427D6477F00C50252 /* Sets.swift in Sources */,
				E3B37C5B28C9E585007A29C8 /* Problem_002.swift in Sources */,
				28BC1A821EC48E2C0019527B /* StructuresAndClasses.swift in Sources */,
				E302964927C6238500D899BD /* VersionCompatibility.swift in Sources */,
				28BC1AA61EC495160019527B /* TypeCasting.swift in Sources */,
				28BC1AB61EC495160019527B /* SummaryOfGrammer.swift in Sources */,
				E330D1FA2858F681000CF2E5 /* Leet_1.swift in Sources */,
				B0C60DDB2615BA08000140E8 /* Misc.swift in Sources */,
				28BC1AA41EC495160019527B /* OptionalChaining.swift in Sources */,
				28BC1AA01EC495160019527B /* Inheritance.swift in Sources */,
				28BC1AA51EC495160019527B /* ErrorHandling.swift in Sources */,
				B0E92EF526724F4900F12363 /* DependencyInjection.swift in Sources */,
				E3B37C5928C9E579007A29C8 /* AlgoUtils.swift in Sources */,
				28BC1AA91EC495160019527B /* Protocols.swift in Sources */,
				E339852227DF88C9003DB6C4 /* Closures3.swift in Sources */,
				28BC1A7D1EC48E2C0019527B /* StringsAndCharacters.swift in Sources */,
				E339852027DF6FCD003DB6C4 /* Closures2.swift in Sources */,
			);
			runOnlyForDeploymentPostprocessing = 0;
		};
/* End PBXSourcesBuildPhase section */

/* Begin XCBuildConfiguration section */
		281429FE1E37B71E0044EF48 /* Debug */ = {
			isa = XCBuildConfiguration;
			buildSettings = {
				ALWAYS_SEARCH_USER_PATHS = NO;
				CLANG_ANALYZER_NONNULL = YES;
				CLANG_CXX_LANGUAGE_STANDARD = "gnu++0x";
				CLANG_CXX_LIBRARY = "libc++";
				CLANG_ENABLE_MODULES = YES;
				CLANG_ENABLE_OBJC_ARC = YES;
				CLANG_WARN_BOOL_CONVERSION = YES;
				CLANG_WARN_CONSTANT_CONVERSION = YES;
				CLANG_WARN_DIRECT_OBJC_ISA_USAGE = YES_ERROR;
				CLANG_WARN_DOCUMENTATION_COMMENTS = YES;
				CLANG_WARN_EMPTY_BODY = YES;
				CLANG_WARN_ENUM_CONVERSION = YES;
				CLANG_WARN_INFINITE_RECURSION = YES;
				CLANG_WARN_INT_CONVERSION = YES;
				CLANG_WARN_OBJC_ROOT_CLASS = YES_ERROR;
				CLANG_WARN_SUSPICIOUS_MOVE = YES;
				CLANG_WARN_UNREACHABLE_CODE = YES;
				CLANG_WARN__DUPLICATE_METHOD_MATCH = YES;
				CODE_SIGN_IDENTITY = "-";
				COPY_PHASE_STRIP = NO;
				DEBUG_INFORMATION_FORMAT = dwarf;
				ENABLE_STRICT_OBJC_MSGSEND = YES;
				ENABLE_TESTABILITY = YES;
				GCC_C_LANGUAGE_STANDARD = gnu99;
				GCC_DYNAMIC_NO_PIC = NO;
				GCC_NO_COMMON_BLOCKS = YES;
				GCC_OPTIMIZATION_LEVEL = 0;
				GCC_PREPROCESSOR_DEFINITIONS = (
					"DEBUG=1",
					"$(inherited)",
				);
				GCC_WARN_64_TO_32_BIT_CONVERSION = YES;
				GCC_WARN_ABOUT_RETURN_TYPE = YES_ERROR;
				GCC_WARN_UNDECLARED_SELECTOR = YES;
				GCC_WARN_UNINITIALIZED_AUTOS = YES_AGGRESSIVE;
				GCC_WARN_UNUSED_FUNCTION = YES;
				GCC_WARN_UNUSED_VARIABLE = YES;
				MACOSX_DEPLOYMENT_TARGET = 10.12;
				MTL_ENABLE_DEBUG_INFO = YES;
				ONLY_ACTIVE_ARCH = YES;
				SDKROOT = macosx;
				SWIFT_OPTIMIZATION_LEVEL = "-Onone";
			};
			name = Debug;
		};
		281429FF1E37B71E0044EF48 /* Release */ = {
			isa = XCBuildConfiguration;
			buildSettings = {
				ALWAYS_SEARCH_USER_PATHS = NO;
				CLANG_ANALYZER_NONNULL = YES;
				CLANG_CXX_LANGUAGE_STANDARD = "gnu++0x";
				CLANG_CXX_LIBRARY = "libc++";
				CLANG_ENABLE_MODULES = YES;
				CLANG_ENABLE_OBJC_ARC = YES;
				CLANG_WARN_BOOL_CONVERSION = YES;
				CLANG_WARN_CONSTANT_CONVERSION = YES;
				CLANG_WARN_DIRECT_OBJC_ISA_USAGE = YES_ERROR;
				CLANG_WARN_DOCUMENTATION_COMMENTS = YES;
				CLANG_WARN_EMPTY_BODY = YES;
				CLANG_WARN_ENUM_CONVERSION = YES;
				CLANG_WARN_INFINITE_RECURSION = YES;
				CLANG_WARN_INT_CONVERSION = YES;
				CLANG_WARN_OBJC_ROOT_CLASS = YES_ERROR;
				CLANG_WARN_SUSPICIOUS_MOVE = YES;
				CLANG_WARN_UNREACHABLE_CODE = YES;
				CLANG_WARN__DUPLICATE_METHOD_MATCH = YES;
				CODE_SIGN_IDENTITY = "-";
				COPY_PHASE_STRIP = NO;
				DEBUG_INFORMATION_FORMAT = "dwarf-with-dsym";
				ENABLE_NS_ASSERTIONS = NO;
				ENABLE_STRICT_OBJC_MSGSEND = YES;
				GCC_C_LANGUAGE_STANDARD = gnu99;
				GCC_NO_COMMON_BLOCKS = YES;
				GCC_WARN_64_TO_32_BIT_CONVERSION = YES;
				GCC_WARN_ABOUT_RETURN_TYPE = YES_ERROR;
				GCC_WARN_UNDECLARED_SELECTOR = YES;
				GCC_WARN_UNINITIALIZED_AUTOS = YES_AGGRESSIVE;
				GCC_WARN_UNUSED_FUNCTION = YES;
				GCC_WARN_UNUSED_VARIABLE = YES;
				MACOSX_DEPLOYMENT_TARGET = 10.12;
				MTL_ENABLE_DEBUG_INFO = NO;
				SDKROOT = macosx;
			};
			name = Release;
		};
		28142A011E37B71E0044EF48 /* Debug */ = {
			isa = XCBuildConfiguration;
			buildSettings = {
				MACOSX_DEPLOYMENT_TARGET = 12.3;
				PRODUCT_NAME = "$(TARGET_NAME)";
				SWIFT_VERSION = 4.2;
			};
			name = Debug;
		};
		28142A021E37B71E0044EF48 /* Release */ = {
			isa = XCBuildConfiguration;
			buildSettings = {
				MACOSX_DEPLOYMENT_TARGET = 12.3;
				PRODUCT_NAME = "$(TARGET_NAME)";
				SWIFT_VERSION = 4.2;
			};
			name = Release;
		};
/* End XCBuildConfiguration section */

/* Begin XCConfigurationList section */
		281429F41E37B71D0044EF48 /* Build configuration list for PBXProject "swiftBook" */ = {
			isa = XCConfigurationList;
			buildConfigurations = (
				281429FE1E37B71E0044EF48 /* Debug */,
				281429FF1E37B71E0044EF48 /* Release */,
			);
			defaultConfigurationIsVisible = 0;
			defaultConfigurationName = Release;
		};
		28142A001E37B71E0044EF48 /* Build configuration list for PBXNativeTarget "swiftBook" */ = {
			isa = XCConfigurationList;
			buildConfigurations = (
				28142A011E37B71E0044EF48 /* Debug */,
				28142A021E37B71E0044EF48 /* Release */,
			);
			defaultConfigurationIsVisible = 0;
			defaultConfigurationName = Release;
		};
/* End XCConfigurationList section */
	};
	rootObject = 281429F11E37B71D0044EF48 /* Project object */;
}
